
Microsoft Visual Studio Solution File, Format Version 12.00
# Visual Studio Version 17
VisualStudioVersion = 17.4.33213.308
MinimumVisualStudioVersion = 10.0.40219.1
Project("{FAE04EC0-301F-11D3-BF4B-00C04F79EFBC}") = "EFCodeFirstSample", "EFCodeFirstSample\EFCodeFirstSample.csproj", "{1089DE8B-2621-46B8-9979-5AC1188227D2}"
EndProject
Project("{FAE04EC0-301F-11D3-BF4B-00C04F79EFBC}") = "DataContracts", "DataContracts\DataContracts.csproj", "{088BAD2A-CFA9-48E1-B63C-6B197ACD613F}"
EndProject
Project("{FAE04EC0-301F-11D3-BF4B-00C04F79EFBC}") = "DataServices", "DataServices\DataServices.csproj", "{4869C4D1-0454-4FAB-B7E5-121DE29965E9}"
EndProject
Project("{FAE04EC0-301F-11D3-BF4B-00C04F79EFBC}") = "Data", "Data\Data.csproj", "{470B7587-8C76-467C-B43A-CBADC518B333}"
EndProject
Global
	GlobalSection(SolutionConfigurationPlatforms) = preSolution
		Debug|Any CPU = Debug|Any CPU
		Release|Any CPU = Release|Any CPU
	EndGlobalSection
	GlobalSection(ProjectConfigurationPlatforms) = postSolution
		{1089DE8B-2621-46B8-9979-5AC1188227D2}.Debug|Any CPU.ActiveCfg = Debug|Any CPU
		{1089DE8B-2621-46B8-9979-5AC1188227D2}.Debug|Any CPU.Build.0 = Debug|Any CPU
		{1089DE8B-2621-46B8-9979-5AC1188227D2}.Release|Any CPU.ActiveCfg = Release|Any CPU
		{1089DE8B-2621-46B8-9979-5AC1188227D2}.Release|Any CPU.Build.0 = Release|Any CPU
		{088BAD2A-CFA9-48E1-B63C-6B197ACD613F}.Debug|Any CPU.ActiveCfg = Debug|Any CPU
		{088BAD2A-CFA9-48E1-B63C-6B197ACD613F}.Debug|Any CPU.Build.0 = Debug|Any CPU
		{088BAD2A-CFA9-48E1-B63C-6B197ACD613F}.Release|Any CPU.ActiveCfg = Release|Any CPU
		{088BAD2A-CFA9-48E1-B63C-6B197ACD613F}.Release|Any CPU.Build.0 = Release|Any CPU
		{4869C4D1-0454-4FAB-B7E5-121DE29965E9}.Debug|Any CPU.ActiveCfg = Debug|Any CPU
		{4869C4D1-0454-4FAB-B7E5-121DE29965E9}.Debug|Any CPU.Build.0 = Debug|Any CPU
		{4869C4D1-0454-4FAB-B7E5-121DE29965E9}.Release|Any CPU.ActiveCfg = Release|Any CPU
		{4869C4D1-0454-4FAB-B7E5-121DE29965E9}.Release|Any CPU.Build.0 = Release|Any CPU
		{470B7587-8C76-467C-B43A-CBADC518B333}.Debug|Any CPU.ActiveCfg = Debug|Any CPU
		{470B7587-8C76-467C-B43A-CBADC518B333}.Debug|Any CPU.Build.0 = Debug|Any CPU
		{470B7587-8C76-467C-B43A-CBADC518B333}.Release|Any CPU.ActiveCfg = Release|Any CPU
		{470B7587-8C76-467C-B43A-CBADC518B333}.Release|Any CPU.Build.0 = Release|Any CPU
	EndGlobalSection
	GlobalSection(SolutionProperties) = preSolution
		HideSolutionNode = FALSE
	EndGlobalSection
	GlobalSection(ExtensibilityGlobals) = postSolution
		SolutionGuid = {9BC9AF6E-7FA0-48C3-8B50-882D95840FCE}
	EndGlobalSection
EndGlobal
